[messaging]
url = "https://github.com/yerzham/wasi-messaging/archive/584a7b0ec02ba1062c15c4223c84dbde12d65b86.tar.gz"
sha256 = "39a3f6d54e42cfeba67f6be7797b2c8de8d435507b4a321353fe52b1d445c9bc"
sha512 = "09c7738b5af109216d46849299369ffe8356738146d918c77031585595ceb14781d79894d0d2c2f7885ad0f506aa07730706b9441fd655b819e124981de83fcc"
